
Microsoft Visual Studio Solution File, Format Version 12.00
# Visual Studio Version 17
VisualStudioVersion = 17.14.36908.2 d17.14
MinimumVisualStudioVersion = 10.0.40219.1
Project("{FAE04EC0-301F-11D3-BF4B-00C04F79EFBC}") = "SkillsOntarioSampleProject2026", "SkillsOntarioSampleProject2026.csproj", "{064EAB4F-A748-4AEA-BAE8-49020E4DFBEF}"
EndProject
Global
	GlobalSection(SolutionConfigurationPlatforms) = preSolution
		Debug|Any CPU = Debug|Any CPU
		Release|Any CPU = Release|Any CPU
	EndGlobalSection
	GlobalSection(ProjectConfigurationPlatforms) = postSolution
		{064EAB4F-A748-4AEA-BAE8-49020E4DFBEF}.Debug|Any CPU.ActiveCfg = Debug|Any CPU
		{064EAB4F-A748-4AEA-BAE8-49020E4DFBEF}.Debug|Any CPU.Build.0 = Debug|Any CPU
		{064EAB4F-A748-4AEA-BAE8-49020E4DFBEF}.Release|Any CPU.ActiveCfg = Release|Any CPU
		{064EAB4F-A748-4AEA-BAE8-49020E4DFBEF}.Release|Any CPU.Build.0 = Release|Any CPU
	EndGlobalSection
	GlobalSection(SolutionProperties) = preSolution
		HideSolutionNode = FALSE
	EndGlobalSection
	GlobalSection(ExtensibilityGlobals) = postSolution
		SolutionGuid = {970ECD6A-DA33-4F23-864C-62E31B3D0D85}
	EndGlobalSection
EndGlobal
